// !$*UTF8*$!
{
	archiveVersion = 1;
	classes = {
	};
	objectVersion = 50;
	objects = {

/* Begin PBXBuildFile section */
		D059241E24922F5800F38692 /* CardView.swift in Sources */ = {isa = PBXBuildFile; fileRef = D059241D24922F5800F38692 /* CardView.swift */; };
		D0C342C0249119E100D7318F /* AppDelegate.swift in Sources */ = {isa = PBXBuildFile; fileRef = D0C342BF249119E100D7318F /* AppDelegate.swift */; };
		D0C342C2249119E100D7318F /* SceneDelegate.swift in Sources */ = {isa = PBXBuildFile; fileRef = D0C342C1249119E100D7318F /* SceneDelegate.swift */; };
		D0C342C4249119E100D7318F /* ContentView.swift in Sources */ = {isa = PBXBuildFile; fileRef = D0C342C3249119E100D7318F /* ContentView.swift */; };
		D0C342C6249119E300D7318F /* Assets.xcassets in Resources */ = {isa = PBXBuildFile; fileRef = D0C342C5249119E300D7318F /* Assets.xcassets */; };
		D0C342C9249119E300D7318F /* Preview Assets.xcassets in Resources */ = {isa = PBXBuildFile; fileRef = D0C342C8249119E300D7318F /* Preview Assets.xcassets */; };
		D0C342CC249119E300D7318F /* LaunchScreen.storyboard in Resources */ = {isa = PBXBuildFile; fileRef = D0C342CA249119E300D7318F /* LaunchScreen.storyboard */; };
/* End PBXBuildFile section */

/* Begin PBXFileReference section */
		D059241D24922F5800F38692 /* CardView.swift */ = {isa = PBXFileReference; lastKnownFileType = sourcecode.swift; path = CardView.swift; sourceTree = "<group>"; };
		D0C342BC249119E100D7318F /* SlotsApp.app */ = {isa = PBXFileReference; explicitFileType = wrapper.application; includeInIndex = 0; path = SlotsApp.app; sourceTree = BUILT_PRODUCTS_DIR; };
		D0C342BF249119E100D7318F /* AppDelegate.swift */ = {isa = PBXFileReference; lastKnownFileType = sourcecode.swift; path = AppDelegate.swift; sourceTree = "<group>"; };
		D0C342C1249119E100D7318F /* SceneDelegate.swift */ = {isa = PBXFileReference; lastKnownFileType = sourcecode.swift; path = SceneDelegate.swift; sourceTree = "<group>"; };
		D0C342C3249119E100D7318F /* ContentView.swift */ = {isa = PBXFileReference; lastKnownFileType = sourcecode.swift; path = ContentView.swift; sourceTree = "<group>"; };
		D0C342C5249119E300D7318F /* Assets.xcassets */ = {isa = PBXFileReference; lastKnownFileType = folder.assetcatalog; path = Assets.xcassets; sourceTree = "<group>"; };
		D0C342C8249119E300D7318F /* Preview Assets.xcassets */ = {isa = PBXFileReference; lastKnownFileType = folder.assetcatalog; path = "Preview Assets.xcassets"; sourceTree = "<group>"; };
		D0C342CB249119E300D7318F /* Base */ = {isa = PBXFileReference; lastKnownFileType = file.storyboard; name = Base; path = Base.lproj/LaunchScreen.storyboard; sourceTree = "<group>"; };
		D0C342CD249119E300D7318F /* Info.plist */ = {isa = PBXFileReference; lastKnownFileType = text.plist.xml; path = Info.plist; sourceTree = "<group>"; };
/* End PBXFileReference section */

/* Begin PBXFrameworksBuildPhase section */
		D0C342B9249119E100D7318F /* Frameworks */ = {
			isa = PBXFrameworksBuildPhase;
			buildActionMask = 2147483647;
			files = (
			);
			runOnlyForDeploymentPostprocessing = 0;
		};
/* End PBXFrameworksBuildPhase section */

/* Begin PBXGroup section */
		D0C342B3249119E100D7318F = {
			isa = PBXGroup;
			children = (
				D0C342BE249119E100D7318F /* SlotsApp */,
				D0C342BD249119E100D7318F /* Products */,
			);
			sourceTree = "<group>";
		};
		D0C342BD249119E100D7318F /* Products */ = {
			isa = PBXGroup;
			children = (
				D0C342BC249119E100D7318F /* SlotsApp.app */,
			);
			name = Products;
			sourceTree = "<group>";
		};
		D0C342BE249119E100D7318F /* SlotsApp */ = {
			isa = PBXGroup;
			children = (
				D0C342BF249119E100D7318F /* AppDelegate.swift */,
				D0C342C1249119E100D7318F /* SceneDelegate.swift */,
				D0C342C3249119E100D7318F /* ContentView.swift */,
				D059241D24922F5800F38692 /* CardView.swift */,
				D0C342C5249119E300D7318F /* Assets.xcassets */,
				D0C342CA249119E300D7318F /* LaunchScreen.storyboard */,
				D0C342CD249119E300D7318F /* Info.plist */,
				D0C342C7249119E300D7318F /* Preview Content */,
			);
			path = SlotsApp;
			sourceTree = "<group>";
		};
		D0C342C7249119E300D7318F /* Preview Content */ = {
			isa = PBXGroup;
			children = (
				D0C342C8249119E300D7318F /* Preview Assets.xcassets */,
			);
			path = "Preview Content";
			sourceTree = "<group>";
		};
/* End PBXGroup section */

/* Begin PBXNativeTarget section */
		D0C342BB249119E100D7318F /* SlotsApp */ = {
			isa = PBXNativeTarget;
			buildConfigurationList = D0C342D0249119E300D7318F /* Build configuration list for PBXNativeTarget "SlotsApp" */;
			buildPhases = (
				D0C342B8249119E100D7318F /* Sources */,
				D0C342B9249119E100D7318F /* Frameworks */,
				D0C342BA249119E100D7318F /* Resources */,
			);
			buildRules = (
			);
			dependencies = (
			);
			name = SlotsApp;
			productName = SlotsApp;
			productReference = D0C342BC249119E100D7318F /* SlotsApp.app */;
			productType = "com.apple.product-type.application";
		};
/* End PBXNativeTarget section */

/* Begin PBXProject section */
		D0C342B4249119E100D7318F /* Project object */ = {
			isa = PBXProject;
			attributes = {
				LastSwiftUpdateCheck = 1140;
				LastUpgradeCheck = 1140;
				ORGANIZATIONNAME = Etisalat;
				TargetAttributes = {
					D0C342BB249119E100D7318F = {
						CreatedOnToolsVersion = 11.4;
					};
				};
			};
			buildConfigurationList = D0C342B7249119E100D7318F /* Build configuration list for PBXProject "SlotsApp" */;
			compatibilityVersion = "Xcode 9.3";
			developmentRegion = en;
			hasScannedForEncodings = 0;
			knownRegions = (
				en,
				Base,
			);
			mainGroup = D0C342B3249119E100D7318F;
			productRefGroup = D0C342BD249119E100D7318F /* Products */;
			projectDirPath = "";
			projectRoot = "";
			targets = (
				D0C342BB249119E100D7318F /* SlotsApp */,
			);
		};
/* End PBXProject section */

/* Begin PBXResourcesBuildPhase section */
		D0C342BA249119E100D7318F /* Resources */ = {
			isa = PBXResourcesBuildPhase;
			buildActionMask = 2147483647;
			files = (
				D0C342CC249119E300D7318F /* LaunchScreen.storyboard in Resources */,
				D0C342C9249119E300D7318F /* Preview Assets.xcassets in Resources */,
				D0C342C6249119E300D7318F /* Assets.xcassets in Resources */,
			);
			runOnlyForDeploymentPostprocessing = 0;
		};
/* End PBXResourcesBuildPhase section */

/* Begin PBXSourcesBuildPhase section */
		D0C342B8249119E100D7318F /* Sources */ = {
			isa = PBXSourcesBuildPhase;
			buildActionMask = 2147483647;
			files = (
				D0C342C0249119E100D7318F /* AppDelegate.swift in Sources */,
				D0C342C2249119E100D7318F /* SceneDelegate.swift in Sources */,
				D059241E24922F5800F38692 /* CardView.swift in Sources */,
				D0C342C4249119E100D7318F /* ContentView.swift in Sources */,
			);
			runOnlyForDeploymentPostprocessing = 0;
		};
/* End PBXSourcesBuildPhase section */

/* Begin PBXVariantGroup section */
		D0C342CA249119E300D7318F /* LaunchScreen.storyboard */ = {
			isa = PBXVariantGroup;
			children = (
				D0C342CB249119E300D7318F /* Base */,
			);
			name = LaunchScreen.storyboard;
			sourceTree = "<group>";
		};
/* End PBXVariantGroup section */

/* Begin XCBuildConfiguration section */
		D0C342CE249119E300D7318F /* Debug */ = {
			isa = XCBuildConfiguration;
			buildSettings = {
				ALWAYS_SEARCH_USER_PATHS = NO;
				CLANG_ANALYZER_NONNULL = YES;
				CLANG_ANALYZER_NUMBER_OBJECT_CONVERSION = YES_AGGRESSIVE;
				CLANG_CXX_LANGUAGE_STANDARD = "gnu++14";
				CLANG_CXX_LIBRARY = "libc++";
				CLANG_ENABLE_MODULES = YES;
				CLANG_ENABLE_OBJC_ARC = YES;
				CLANG_ENABLE_OBJC_WEAK = YES;
				CLANG_WARN_BLOCK_CAPTURE_AUTORELEASING = YES;
				CLANG_WARN_BOOL_CONVERSION = YES;
				CLANG_WARN_COMMA = YES;
				CLANG_WARN_CONSTANT_CONVERSION = YES;
				CLANG_WARN_DEPRECATED_OBJC_IMPLEMENTATIONS = YES;
				CLANG_WARN_DIRECT_OBJC_ISA_USAGE = YES_ERROR;
				CLANG_WARN_DOCUMENTATION_COMMENTS = YES;
				CLANG_WARN_EMPTY_BODY = YES;
				CLANG_WARN_ENUM_CONVERSION = YES;
				CLANG_WARN_INFINITE_RECURSION = YES;
				CLANG_WARN_INT_CONVERSION = YES;
				CLANG_WARN_NON_LITERAL_NULL_CONVERSION = YES;
				CLANG_WARN_OBJC_IMPLICIT_RETAIN_SELF = YES;
				CLANG_WARN_OBJC_LITERAL_CONVERSION = YES;
				CLANG_WARN_OBJC_ROOT_CLASS = YES_ERROR;
				CLANG_WARN_RANGE_LOOP_ANALYSIS = YES;
				CLANG_WARN_STRICT_PROTOTYPES = YES;
				CLANG_WARN_SUSPICIOUS_MOVE = YES;
				CLANG_WARN_UNGUARDED_AVAILABILITY = YES_AGGRESSIVE;
				CLANG_WARN_UNREACHABLE_CODE = YES;
				CLANG_WARN__DUPLICATE_METHOD_MATCH = YES;
				COPY_PHASE_STRIP = NO;
				DEBUG_INFORMATION_FORMAT = dwarf;
				ENABLE_STRICT_OBJC_MSGSEND = YES;
				ENABLE_TESTABILITY = YES;
				GCC_C_LANGUAGE_STANDARD = gnu11;
				GCC_DYNAMIC_NO_PIC = NO;
				GCC_NO_COMMON_BLOCKS = YES;
				GCC_OPTIMIZATION_LEVEL = 0;
				GCC_PREPROCESSOR_DEFINITIONS = (
					"DEBUG=1",
					"$(inherited)",
				);
				GCC_WARN_64_TO_32_BIT_CONVERSION = YES;
				GCC_WARN_ABOUT_RETURN_TYPE = YES_ERROR;
				GCC_WARN_UNDECLARED_SELECTOR = YES;
				GCC_WARN_UNINITIALIZED_AUTOS = YES_AGGRESSIVE;
				GCC_WARN_UNUSED_FUNCTION = YES;
				GCC_WARN_UNUSED_VARIABLE = YES;
				IPHONEOS_DEPLOYMENT_TARGET = 13.4;
				MTL_ENABLE_DEBUG_INFO = INCLUDE_SOURCE;
				MTL_FAST_MATH = YES;
				ONLY_ACTIVE_ARCH = YES;
				SDKROOT = iphoneos;
				SWIFT_ACTIVE_COMPILATION_CONDITIONS = DEBUG;
				SWIFT_OPTIMIZATION_LEVEL = "-Onone";
			};
			name = Debug;
		};
		D0C342CF249119E300D7318F /* Release */ = {
			isa = XCBuildConfiguration;
			buildSettings = {
				ALWAYS_SEARCH_USER_PATHS = NO;
				CLANG_ANALYZER_NONNULL = YES;
				CLANG_ANALYZER_NUMBER_OBJECT_CONVERSION = YES_AGGRESSIVE;
				CLANG_CXX_LANGUAGE_STANDARD = "gnu++14";
				CLANG_CXX_LIBRARY = "libc++";
				CLANG_ENABLE_MODULES = YES;
				CLANG_ENABLE_OBJC_ARC = YES;
				CLANG_ENABLE_OBJC_WEAK = YES;
				CLANG_WARN_BLOCK_CAPTURE_AUTORELEASING = YES;
				CLANG_WARN_BOOL_CONVERSION = YES;
				CLANG_WARN_COMMA = YES;
				CLANG_WARN_CONSTANT_CONVERSION = YES;
				CLANG_WARN_DEPRECATED_OBJC_IMPLEMENTATIONS = YES;
				CLANG_WARN_DIRECT_OBJC_ISA_USAGE = YES_ERROR;
				CLANG_WARN_DOCUMENTATION_COMMENTS = YES;
				CLANG_WARN_EMPTY_BODY = YES;
				CLANG_WARN_ENUM_CONVERSION = YES;
				CLANG_WARN_INFINITE_RECURSION = YES;
				CLANG_WARN_INT_CONVERSION = YES;
				CLANG_WARN_NON_LITERAL_NULL_CONVERSION = YES;
				CLANG_WARN_OBJC_IMPLICIT_RETAIN_SELF = YES;
				CLANG_WARN_OBJC_LITERAL_CONVERSION = YES;
				CLANG_WARN_OBJC_ROOT_CLASS = YES_ERROR;
				CLANG_WARN_RANGE_LOOP_ANALYSIS = YES;
				CLANG_WARN_STRICT_PROTOTYPES = YES;
				CLANG_WARN_SUSPICIOUS_MOVE = YES;
				CLANG_WARN_UNGUARDED_AVAILABILITY = YES_AGGRESSIVE;
				CLANG_WARN_UNREACHABLE_CODE = YES;
				CLANG_WARN__DUPLICATE_METHOD_MATCH = YES;
				COPY_PHASE_STRIP = NO;
				DEBUG_INFORMATION_FORMAT = "dwarf-with-dsym";
				ENABLE_NS_ASSERTIONS = NO;
				ENABLE_STRICT_OBJC_MSGSEND = YES;
				GCC_C_LANGUAGE_STANDARD = gnu11;
				GCC_NO_COMMON_BLOCKS = YES;
				GCC_WARN_64_TO_32_BIT_CONVERSION = YES;
				GCC_WARN_ABOUT_RETURN_TYPE = YES_ERROR;
				GCC_WARN_UNDECLARED_SELECTOR = YES;
				GCC_WARN_UNINITIALIZED_AUTOS = YES_AGGRESSIVE;
				GCC_WARN_UNUSED_FUNCTION = YES;
				GCC_WARN_UNUSED_VARIABLE = YES;
				IPHONEOS_DEPLOYMENT_TARGET = 13.4;
				MTL_ENABLE_DEBUG_INFO = NO;
				MTL_FAST_MATH = YES;
				SDKROOT = iphoneos;
				SWIFT_COMPILATION_MODE = wholemodule;
				SWIFT_OPTIMIZATION_LEVEL = "-O";
				VALIDATE_PRODUCT = YES;
			};
			name = Release;
		};
		D0C342D1249119E300D7318F /* Debug */ = {
			isa = XCBuildConfiguration;
			buildSettings = {
				ASSETCATALOG_COMPILER_APPICON_NAME = AppIcon;
				CODE_SIGN_STYLE = Automatic;
				DEVELOPMENT_ASSET_PATHS = "\"SlotsApp/Preview Content\"";
				DEVELOPMENT_TEAM = 9ZPBKZ7R98;
				ENABLE_PREVIEWS = YES;
				INFOPLIST_FILE = SlotsApp/Info.plist;
				LD_RUNPATH_SEARCH_PATHS = (
					"$(inherited)",
					"@executable_path/Frameworks",
				);
				PRODUCT_BUNDLE_IDENTIFIER = Etisalat.SlotsApp;
				PRODUCT_NAME = "$(TARGET_NAME)";
				SWIFT_VERSION = 5.0;
				TARGETED_DEVICE_FAMILY = "1,2";
			};
			name = Debug;
		};
		D0C342D2249119E300D7318F /* Release */ = {
			isa = XCBuildConfiguration;
			buildSettings = {
				ASSETCATALOG_COMPILER_APPICON_NAME = AppIcon;
				CODE_SIGN_STYLE = Automatic;
				DEVELOPMENT_ASSET_PATHS = "\"SlotsApp/Preview Content\"";
				DEVELOPMENT_TEAM = 9ZPBKZ7R98;
				ENABLE_PREVIEWS = YES;
				INFOPLIST_FILE = SlotsApp/Info.plist;
				LD_RUNPATH_SEARCH_PATHS = (
					"$(inherited)",
					"@executable_path/Frameworks",
				);
				PRODUCT_BUNDLE_IDENTIFIER = Etisalat.SlotsApp;
				PRODUCT_NAME = "$(TARGET_NAME)";
				SWIFT_VERSION = 5.0;
				TARGETED_DEVICE_FAMILY = "1,2";
			};
			name = Release;
		};
/* End XCBuildConfiguration section */

/* Begin XCConfigurationList section */
		D0C342B7249119E100D7318F /* Build configuration list for PBXProject "SlotsApp" */ = {
			isa = XCConfigurationList;
			buildConfigurations = (
				D0C342CE249119E300D7318F /* Debug */,
				D0C342CF249119E300D7318F /* Release */,
			);
			defaultConfigurationIsVisible = 0;
			defaultConfigurationName = Release;
		};
		D0C342D0249119E300D7318F /* Build configuration list for PBXNativeTarget "SlotsApp" */ = {
			isa = XCConfigurationList;
			buildConfigurations = (
				D0C342D1249119E300D7318F /* Debug */,
				D0C342D2249119E300D7318F /* Release */,
			);
			defaultConfigurationIsVisible = 0;
			defaultConfigurationName = Release;
		};
/* End XCConfigurationList section */
	};
	rootObject = D0C342B4249119E100D7318F /* Project object */;
}
